{
  "name": "assets",
  "lockfileVersion": 3,
  "requires": true,
  "packages": {
    "": {
      "dependencies": {
        "htmx.org": "^1.9.10",
        "topbar": "github:100phlecs/topbar"
      }
    },
    "node_modules/htmx.org": {
      "version": "1.9.10",
      "resolved": "https://registry.npmjs.org/htmx.org/-/htmx.org-1.9.10.tgz",
      "integrity": "sha512-UgchasltTCrTuU2DQLom3ohHrBvwr7OqpwyAVJ9VxtNBng4XKkVsqrv0Qr3srqvM9ZNI3f1MmvVQQqK7KW/bTA=="
    },
    "node_modules/topbar": {
      "version": "2.0.1",
      "resolved": "git+ssh://git@github.com/100phlecs/topbar.git#9ae1ef3a3b7c9325190372d4720dee8870977a8f",
      "license": "MIT"
    }
  }
}
